
Microsoft Visual Studio Solution File, Format Version 12.00
# Visual Studio 15
VisualStudioVersion = 15.0.28307.1738
MinimumVisualStudioVersion = 10.0.40219.1
Project("{8BC9CEB8-8B4A-11D0-8D11-00A0C91BC942}") = "QtWidgetsApplication1", "QtWidgetsApplication1\QtWidgetsApplication1.vcxproj", "{8B5E1333-A181-40B8-930C-695129EF7454}"
EndProject
Project("{8BC9CEB8-8B4A-11D0-8D11-00A0C91BC942}") = "qscintilla", "..\ccompare_dll\qscint\src\qscintilla.vcxproj", "{4EC1F521-46DD-33D4-A157-81E817F2E35E}"
EndProject
Project("{8BC9CEB8-8B4A-11D0-8D11-00A0C91BC942}") = "RealCompare", "..\ccompare_dll\RealCompare.vcxproj", "{C1B2F8DF-4514-3C85-A2F3-F2E2E3BA43CE}"
EndProject
Global
	GlobalSection(SolutionConfigurationPlatforms) = preSolution
		Debug|x64 = Debug|x64
		Release|x64 = Release|x64
	EndGlobalSection
	GlobalSection(ProjectConfigurationPlatforms) = postSolution
		{8B5E1333-A181-40B8-930C-695129EF7454}.Debug|x64.ActiveCfg = Debug|x64
		{8B5E1333-A181-40B8-930C-695129EF7454}.Debug|x64.Build.0 = Debug|x64
		{8B5E1333-A181-40B8-930C-695129EF7454}.Release|x64.ActiveCfg = Release|x64
		{8B5E1333-A181-40B8-930C-695129EF7454}.Release|x64.Build.0 = Release|x64
		{4EC1F521-46DD-33D4-A157-81E817F2E35E}.Debug|x64.ActiveCfg = Debug|x64
		{4EC1F521-46DD-33D4-A157-81E817F2E35E}.Debug|x64.Build.0 = Debug|x64
		{4EC1F521-46DD-33D4-A157-81E817F2E35E}.Release|x64.ActiveCfg = Release|x64
		{4EC1F521-46DD-33D4-A157-81E817F2E35E}.Release|x64.Build.0 = Release|x64
		{C1B2F8DF-4514-3C85-A2F3-F2E2E3BA43CE}.Debug|x64.ActiveCfg = Debug|x64
		{C1B2F8DF-4514-3C85-A2F3-F2E2E3BA43CE}.Debug|x64.Build.0 = Debug|x64
		{C1B2F8DF-4514-3C85-A2F3-F2E2E3BA43CE}.Release|x64.ActiveCfg = Release|x64
		{C1B2F8DF-4514-3C85-A2F3-F2E2E3BA43CE}.Release|x64.Build.0 = Release|x64
	EndGlobalSection
	GlobalSection(SolutionProperties) = preSolution
		HideSolutionNode = FALSE
	EndGlobalSection
	GlobalSection(ExtensibilityGlobals) = postSolution
		SolutionGuid = {779A1B63-257E-41A0-BDFF-92932BD4F578}
	EndGlobalSection
EndGlobal
